# THIS IS AN AUTOGENERATED FILE. DO NOT EDIT THIS FILE DIRECTLY.
# yarn lockfile v1


babel-runtime@^6.26.0:
  version "6.26.0"
  resolved "https://registry.yarnpkg.com/babel-runtime/-/babel-runtime-6.26.0.tgz#965c7058668e82b55d7bfe04ff2337bc8b5647fe"
  dependencies:
    core-js "^2.4.0"
    regenerator-runtime "^0.11.0"

browserslist@^2.11.3:
  version "2.11.3"
  resolved "https://registry.yarnpkg.com/browserslist/-/browserslist-2.11.3.tgz#fe36167aed1bbcde4827ebfe71347a2cc70b99b2"
  dependencies:
    caniuse-lite "^1.0.30000792"
    electron-to-chromium "^1.3.30"

caniuse-db@^1.0.30000794:
  version "1.0.30000830"
  resolved "https://registry.yarnpkg.com/caniuse-db/-/caniuse-db-1.0.30000830.tgz#6e45255b345649fd15ff59072da1e12bb3de2f13"

caniuse-lite@^1.0.30000792:
  version "1.0.30000830"
  resolved "https://registry.yarnpkg.com/caniuse-lite/-/caniuse-lite-1.0.30000830.tgz#cb96b8a2dd3cbfe04acea2af3c4e894249095328"

core-js@^2.4.0:
  version "2.5.5"
  resolved "https://registry.yarnpkg.com/core-js/-/core-js-2.5.5.tgz#b14dde936c640c0579a6b50cabcc132dd6127e3b"

electron-to-chromium@^1.3.30:
  version "1.3.42"
  resolved "https://registry.yarnpkg.com/electron-to-chromium/-/electron-to-chromium-1.3.42.tgz#95c33bf01d0cc405556aec899fe61fd4d76ea0f9"

eslint-plugin-compat@^2.2.0:
  version "2.2.0"
  resolved "https://registry.yarnpkg.com/eslint-plugin-compat/-/eslint-plugin-compat-2.2.0.tgz#d612a9988d9fba66bcd8e86fcc1b551753aac995"
  dependencies:
    babel-runtime "^6.26.0"
    browserslist "^2.11.3"
    caniuse-db "^1.0.30000794"
    mdn-browser-compat-data "^0.0.20"
    requireindex "^1.1.0"

extend@3.0.1:
  version "3.0.1"
  resolved "https://registry.yarnpkg.com/extend/-/extend-3.0.1.tgz#a755ea7bc1adfcc5a31ce7e762dbaadc5e636444"

mdn-browser-compat-data@^0.0.20:
  version "0.0.20"
  resolved "https://registry.yarnpkg.com/mdn-browser-compat-data/-/mdn-browser-compat-data-0.0.20.tgz#26e4a226d96cc5318fdc504d6dfd86907752da5c"
  dependencies:
    extend "3.0.1"

regenerator-runtime@^0.11.0:
  version "0.11.1"
  resolved "https://registry.yarnpkg.com/regenerator-runtime/-/regenerator-runtime-0.11.1.tgz#be05ad7f9bf7d22e056f9726cee5017fbf19e2e9"

requireindex@^1.1.0:
  version "1.2.0"
  resolved "https://registry.yarnpkg.com/requireindex/-/requireindex-1.2.0.tgz#3463cdb22ee151902635aa6c9535d4de9c2ef1ef"
